
Microsoft Visual Studio Solution File, Format Version 12.00
# Visual Studio Version 17
VisualStudioVersion = 17.14.37314.3 d17.14
MinimumVisualStudioVersion = 10.0.40219.1
Project("{FAE04EC0-301F-11D3-BF4B-00C04F79EFBC}") = "SSH Interface", "SSH Interface\SSH Interface.csproj", "{DBF6271B-96E7-4BDC-AF7C-9B3B12556A5A}"
EndProject
Global
	GlobalSection(SolutionConfigurationPlatforms) = preSolution
		Debug|Any CPU = Debug|Any CPU
		Release|Any CPU = Release|Any CPU
	EndGlobalSection
	GlobalSection(ProjectConfigurationPlatforms) = postSolution
		{DBF6271B-96E7-4BDC-AF7C-9B3B12556A5A}.Debug|Any CPU.ActiveCfg = Debug|Any CPU
		{DBF6271B-96E7-4BDC-AF7C-9B3B12556A5A}.Debug|Any CPU.Build.0 = Debug|Any CPU
		{DBF6271B-96E7-4BDC-AF7C-9B3B12556A5A}.Release|Any CPU.ActiveCfg = Release|Any CPU
		{DBF6271B-96E7-4BDC-AF7C-9B3B12556A5A}.Release|Any CPU.Build.0 = Release|Any CPU
	EndGlobalSection
	GlobalSection(SolutionProperties) = preSolution
		HideSolutionNode = FALSE
	EndGlobalSection
	GlobalSection(ExtensibilityGlobals) = postSolution
		SolutionGuid = {C8617128-0AC5-4008-861D-7E4465459A03}
	EndGlobalSection
EndGlobal
